
Microsoft Visual Studio Solution File, Format Version 12.00
# Visual Studio 2012
Project("{FAE04EC0-301F-11D3-BF4B-00C04F79EFBC}") = "Database", "Database\Database.csproj", "{FB797622-5288-44FA-A002-AC2FB39B51A2}"
EndProject
Project("{FAE04EC0-301F-11D3-BF4B-00C04F79EFBC}") = "TestNoteApp", "TestNoteApp\TestNoteApp.csproj", "{438E3D90-DFDC-4DDC-B351-5A51D2DC8396}"
EndProject
Project("{FAE04EC0-301F-11D3-BF4B-00C04F79EFBC}") = "NoteMVP", "NoteMVP\NoteMVP.csproj", "{2B389B33-BAE1-49A6-9F39-63902895D3C9}"
EndProject
Project("{FAE04EC0-301F-11D3-BF4B-00C04F79EFBC}") = "NoteAppGUI", "NoteAppGUI\NoteAppGUI.csproj", "{A2CCA664-5410-45C2-BE4C-EF05B2C18369}"
EndProject
Project("{FAE04EC0-301F-11D3-BF4B-00C04F79EFBC}") = "CloudStore", "CloudStore\CloudStore.csproj", "{15D5539F-84C0-4E77-8020-6C49C31E9637}"
EndProject
Project("{FAE04EC0-301F-11D3-BF4B-00C04F79EFBC}") = "Sync", "Sync\Sync.csproj", "{F9117585-0874-4A8A-A679-E4B425C45F9B}"
EndProject
Project("{FAE04EC0-301F-11D3-BF4B-00C04F79EFBC}") = "NoteAppCore", "NoteAppCore\NoteAppCore.csproj", "{5CAAD627-0325-476E-8DF4-7F9172D2499B}"
EndProject
Project("{FAE04EC0-301F-11D3-BF4B-00C04F79EFBC}") = "Bootstrap", "Bootstrap\Bootstrap.csproj", "{08BD69FD-C36C-479E-A1BD-BB5AC0D30B1A}"
EndProject
Project("{FAE04EC0-301F-11D3-BF4B-00C04F79EFBC}") = "TestConsoleApp", "TestConsoleApp\TestConsoleApp.csproj", "{D6384B42-A776-4455-8DD3-46A9895C891B}"
EndProject
Global
	GlobalSection(SolutionConfigurationPlatforms) = preSolution
		Debug|Any CPU = Debug|Any CPU
		Release|Any CPU = Release|Any CPU
	EndGlobalSection
	GlobalSection(ProjectConfigurationPlatforms) = postSolution
		{FB797622-5288-44FA-A002-AC2FB39B51A2}.Debug|Any CPU.ActiveCfg = Debug|Any CPU
		{FB797622-5288-44FA-A002-AC2FB39B51A2}.Debug|Any CPU.Build.0 = Debug|Any CPU
		{FB797622-5288-44FA-A002-AC2FB39B51A2}.Release|Any CPU.ActiveCfg = Release|Any CPU
		{FB797622-5288-44FA-A002-AC2FB39B51A2}.Release|Any CPU.Build.0 = Release|Any CPU
		{438E3D90-DFDC-4DDC-B351-5A51D2DC8396}.Debug|Any CPU.ActiveCfg = Debug|Any CPU
		{438E3D90-DFDC-4DDC-B351-5A51D2DC8396}.Debug|Any CPU.Build.0 = Debug|Any CPU
		{438E3D90-DFDC-4DDC-B351-5A51D2DC8396}.Release|Any CPU.ActiveCfg = Release|Any CPU
		{438E3D90-DFDC-4DDC-B351-5A51D2DC8396}.Release|Any CPU.Build.0 = Release|Any CPU
		{2B389B33-BAE1-49A6-9F39-63902895D3C9}.Debug|Any CPU.ActiveCfg = Debug|Any CPU
		{2B389B33-BAE1-49A6-9F39-63902895D3C9}.Debug|Any CPU.Build.0 = Debug|Any CPU
		{2B389B33-BAE1-49A6-9F39-63902895D3C9}.Release|Any CPU.ActiveCfg = Release|Any CPU
		{2B389B33-BAE1-49A6-9F39-63902895D3C9}.Release|Any CPU.Build.0 = Release|Any CPU
		{A2CCA664-5410-45C2-BE4C-EF05B2C18369}.Debug|Any CPU.ActiveCfg = Debug|Any CPU
		{A2CCA664-5410-45C2-BE4C-EF05B2C18369}.Debug|Any CPU.Build.0 = Debug|Any CPU
		{A2CCA664-5410-45C2-BE4C-EF05B2C18369}.Release|Any CPU.ActiveCfg = Release|Any CPU
		{A2CCA664-5410-45C2-BE4C-EF05B2C18369}.Release|Any CPU.Build.0 = Release|Any CPU
		{15D5539F-84C0-4E77-8020-6C49C31E9637}.Debug|Any CPU.ActiveCfg = Debug|Any CPU
		{15D5539F-84C0-4E77-8020-6C49C31E9637}.Debug|Any CPU.Build.0 = Debug|Any CPU
		{15D5539F-84C0-4E77-8020-6C49C31E9637}.Release|Any CPU.ActiveCfg = Release|Any CPU
		{15D5539F-84C0-4E77-8020-6C49C31E9637}.Release|Any CPU.Build.0 = Release|Any CPU
		{F9117585-0874-4A8A-A679-E4B425C45F9B}.Debug|Any CPU.ActiveCfg = Debug|Any CPU
		{F9117585-0874-4A8A-A679-E4B425C45F9B}.Debug|Any CPU.Build.0 = Debug|Any CPU
		{F9117585-0874-4A8A-A679-E4B425C45F9B}.Release|Any CPU.ActiveCfg = Release|Any CPU
		{F9117585-0874-4A8A-A679-E4B425C45F9B}.Release|Any CPU.Build.0 = Release|Any CPU
		{5CAAD627-0325-476E-8DF4-7F9172D2499B}.Debug|Any CPU.ActiveCfg = Debug|Any CPU
		{5CAAD627-0325-476E-8DF4-7F9172D2499B}.Debug|Any CPU.Build.0 = Debug|Any CPU
		{5CAAD627-0325-476E-8DF4-7F9172D2499B}.Release|Any CPU.ActiveCfg = Release|Any CPU
		{5CAAD627-0325-476E-8DF4-7F9172D2499B}.Release|Any CPU.Build.0 = Release|Any CPU
		{08BD69FD-C36C-479E-A1BD-BB5AC0D30B1A}.Debug|Any CPU.ActiveCfg = Debug|Any CPU
		{08BD69FD-C36C-479E-A1BD-BB5AC0D30B1A}.Debug|Any CPU.Build.0 = Debug|Any CPU
		{08BD69FD-C36C-479E-A1BD-BB5AC0D30B1A}.Release|Any CPU.ActiveCfg = Release|Any CPU
		{08BD69FD-C36C-479E-A1BD-BB5AC0D30B1A}.Release|Any CPU.Build.0 = Release|Any CPU
		{D6384B42-A776-4455-8DD3-46A9895C891B}.Debug|Any CPU.ActiveCfg = Debug|Any CPU
		{D6384B42-A776-4455-8DD3-46A9895C891B}.Debug|Any CPU.Build.0 = Debug|Any CPU
		{D6384B42-A776-4455-8DD3-46A9895C891B}.Release|Any CPU.ActiveCfg = Release|Any CPU
		{D6384B42-A776-4455-8DD3-46A9895C891B}.Release|Any CPU.Build.0 = Release|Any CPU
	EndGlobalSection
	GlobalSection(SolutionProperties) = preSolution
		HideSolutionNode = FALSE
	EndGlobalSection
EndGlobal
